# THIS IS AN AUTOGENERATED FILE. DO NOT EDIT THIS FILE DIRECTLY.
# yarn lockfile v1


"@rbxts/compiler-types@^2.0.4-types.0":
  version "2.0.4-types.0"
  resolved "https://registry.yarnpkg.com/@rbxts/compiler-types/-/compiler-types-2.0.4-types.0.tgz#355a81892168118432a743dd1cdd349c4bc2abe9"
  integrity sha512-kRdXA7RzIUnLrQhjvVLQ//9Nwfndlui43Frqg3k8xrPVz+QJNIqzwx6LHLSwq4c1OBZpYcGgUWIQJkuKxwlskA==

"@rbxts/types@^1.0.642":
  version "1.0.642"
  resolved "https://registry.yarnpkg.com/@rbxts/types/-/types-1.0.642.tgz#7450d528c55d6f7bf647310cb437cd24331d56dc"
  integrity sha512-pLQWRLQN5Mp4SGuLAobiHpeKqx2Q9K6ZQJliZowDYAHvBJRHE5t0dO1W7GlAPPn0JoEMZXH3lf9y92DCFrYGiw==

typescript@^4.8.4:
  version "4.8.4"
  resolved "https://registry.yarnpkg.com/typescript/-/typescript-4.8.4.tgz#c464abca159669597be5f96b8943500b238e60e6"
  integrity sha512-QCh+85mCy+h0IGff8r5XWzOVSbBO+KfeYrMQh7NJ58QujwcE22u+NUSmUxqF+un70P9GXKxa2HCNiTTMJknyjQ==
